# generated by rye
# use `rye lock` or `rye sync` to update this lockfile
#
# last locked with the following flags:
#   pre: false
#   features: []
#   all-features: false
#   with-sources: false

-e file:.
annotated-types==0.6.0
    # via pydantic
appdirs==1.4.4
    # via online-judge-api-client
attrs==23.2.0
    # via jsonschema
    # via outcome
    # via referencing
    # via trio
beautifulsoup4==4.12.3
    # via online-judge-api-client
certifi==2024.2.2
    # via requests
    # via selenium
charset-normalizer==3.3.2
    # via requests
colorama==0.4.6
    # via online-judge-tools
colorlog==6.8.2
    # via online-judge-api-client
h11==0.14.0
    # via wsproto
idna==3.7
    # via requests
    # via trio
jsonschema==4.22.0
    # via online-judge-api-client
jsonschema-specifications==2023.12.1
    # via jsonschema
lxml==5.2.1
    # via online-judge-api-client
mypy==1.10.0
mypy-extensions==1.0.0
    # via mypy
online-judge-api-client==10.10.1
    # via online-judge-tools
online-judge-tools==11.5.1
    # via accprob
outcome==1.3.0.post0
    # via trio
pydantic==2.7.1
    # via accprob
pydantic-core==2.18.2
    # via pydantic
pysocks==1.7.1
    # via urllib3
referencing==0.35.1
    # via jsonschema
    # via jsonschema-specifications
requests==2.31.0
    # via online-judge-api-client
    # via online-judge-tools
rpds-py==0.18.0
    # via jsonschema
    # via referencing
ruff==0.4.3
selenium==4.20.0
    # via accprob
sniffio==1.3.1
    # via trio
sortedcontainers==2.4.0
    # via trio
soupsieve==2.5
    # via beautifulsoup4
toml==0.10.2
    # via online-judge-api-client
trio==0.25.0
    # via selenium
    # via trio-websocket
trio-websocket==0.11.1
    # via selenium
typing-extensions==4.11.0
    # via mypy
    # via pydantic
    # via pydantic-core
    # via selenium
urllib3==2.2.1
    # via requests
    # via selenium
    # via urllib3
wsproto==1.2.0
    # via trio-websocket
setuptools==69.5.1
    # via accprob
